
Microsoft Visual Studio Solution File, Format Version 12.00
# Visual Studio Version 17
VisualStudioVersion = 17.3.32901.215
MinimumVisualStudioVersion = 10.0.40219.1
Project("{9A19103F-16F7-4668-BE54-9A1E7A4F7556}") = "pz_5,6", "pz_5,6\pz_5,6.csproj", "{F0289615-EBCD-4572-B258-BFE4E7C6166E}"
EndProject
Project("{9A19103F-16F7-4668-BE54-9A1E7A4F7556}") = "pz_21", "pz_21\pz_21.csproj", "{0AE0ED18-0E0E-4C44-878A-1D2AEEF65793}"
EndProject
Project("{FAE04EC0-301F-11D3-BF4B-00C04F79EFBC}") = "pz_22", "pz_22\pz_22.csproj", "{1B992DDB-3411-4C6E-AEAE-CBC009A2FD7B}"
EndProject
Global
	GlobalSection(SolutionConfigurationPlatforms) = preSolution
		Debug|Any CPU = Debug|Any CPU
		Release|Any CPU = Release|Any CPU
	EndGlobalSection
	GlobalSection(ProjectConfigurationPlatforms) = postSolution
		{F0289615-EBCD-4572-B258-BFE4E7C6166E}.Debug|Any CPU.ActiveCfg = Debug|Any CPU
		{F0289615-EBCD-4572-B258-BFE4E7C6166E}.Debug|Any CPU.Build.0 = Debug|Any CPU
		{F0289615-EBCD-4572-B258-BFE4E7C6166E}.Release|Any CPU.ActiveCfg = Release|Any CPU
		{F0289615-EBCD-4572-B258-BFE4E7C6166E}.Release|Any CPU.Build.0 = Release|Any CPU
		{0AE0ED18-0E0E-4C44-878A-1D2AEEF65793}.Debug|Any CPU.ActiveCfg = Debug|Any CPU
		{0AE0ED18-0E0E-4C44-878A-1D2AEEF65793}.Debug|Any CPU.Build.0 = Debug|Any CPU
		{0AE0ED18-0E0E-4C44-878A-1D2AEEF65793}.Release|Any CPU.ActiveCfg = Release|Any CPU
		{0AE0ED18-0E0E-4C44-878A-1D2AEEF65793}.Release|Any CPU.Build.0 = Release|Any CPU
		{1B992DDB-3411-4C6E-AEAE-CBC009A2FD7B}.Debug|Any CPU.ActiveCfg = Debug|Any CPU
		{1B992DDB-3411-4C6E-AEAE-CBC009A2FD7B}.Debug|Any CPU.Build.0 = Debug|Any CPU
		{1B992DDB-3411-4C6E-AEAE-CBC009A2FD7B}.Release|Any CPU.ActiveCfg = Release|Any CPU
		{1B992DDB-3411-4C6E-AEAE-CBC009A2FD7B}.Release|Any CPU.Build.0 = Release|Any CPU
	EndGlobalSection
	GlobalSection(SolutionProperties) = preSolution
		HideSolutionNode = FALSE
	EndGlobalSection
	GlobalSection(ExtensibilityGlobals) = postSolution
		SolutionGuid = {A7C904BB-4ABD-4D48-89D7-0637623D47C9}
	EndGlobalSection
EndGlobal
